hash: 90b70ea34cb84fc9adcec55366202ba8a530d107e2a304e9bf2899e93d8ef24d
updated: 2017-03-21T15:11:33.700058704Z
imports:
- name: github.com/gorilla/context
  version: 08b5f424b9271eedf6f9f0ce86cb9396ed337a42
- name: github.com/gorilla/mux
  version: 599cba5e7b6137d46ddf58fb1765f5d928e69604
testImports: []
